<?xml version="1.0" encoding="utf-8"?>
<Project ToolsVersion="4.0" xmlns="http://schemas.microsoft.com/developer/msbuild/2003">
  <ItemGroup>
    <Filter Include="Source Files">
      <UniqueIdentifier>{4FC737F1-C7A5-4376-A066-2A32D752A2FF}</UniqueIdentifier>
      <Extensions>cpp;c;cc;cxx;c++;cppm;ixx;def;odl;idl;hpj;bat;asm;asmx</Extensions>
    </Filter>
    <Filter Include="Header Files">
      <UniqueIdentifier>{93995380-89BD-4b04-88EB-625FBE52EBFB}</UniqueIdentifier>
      <Extensions>h;hh;hpp;hxx;h++;hm;inl;inc;ipp;xsd</Extensions>
    </Filter>
    <Filter Include="Resource Files">
      <UniqueIdentifier>{67DA6AB6-F800-4c08-8B7A-83BB121AAD01}</UniqueIdentifier>
      <Extensions>rc;ico;cur;bmp;dlg;rc2;rct;bin;rgs;gif;jpg;jpeg;jpe;resx;tiff;tif;png;wav;mfcribbon-ms</Extensions>
    </Filter>
    <Filter Include="Header Files\Observer">
      <UniqueIdentifier>{a5b88f71-f8ad-41fb-a43a-2d9268e156c8}</UniqueIdentifier>
    </Filter>
    <Filter Include="Source Files\Observer">
      <UniqueIdentifier>{ef80e380-f157-40bc-aa61-c250b8367c56}</UniqueIdentifier>
    </Filter>
  </ItemGroup>
  <ItemGroup>
    <ClCompile Include="CompositePatternExample.cpp">
      <Filter>Source Files</Filter>
    </ClCompile>
    <ClCompile Include="DropDownItem.cpp">
      <Filter>Source Files</Filter>
    </ClCompile>
    <ClCompile Include="DropDownObservable.cpp">
      <Filter>Source Files\Observer</Filter>
    </ClCompile>
  </ItemGroup>
  <ItemGroup>
    <ClInclude Include="IDropDownComponent.h">
      <Filter>Header Files</Filter>
    </ClInclude>
    <ClInclude Include="DropDownItem.h">
      <Filter>Header Files</Filter>
    </ClInclude>
    <ClInclude Include="IObserver.h">
      <Filter>Header Files\Observer</Filter>
    </ClInclude>
    <ClInclude Include="IObservable.h">
      <Filter>Header Files\Observer</Filter>
    </ClInclude>
    <ClInclude Include="DropDownObservable.h">
      <Filter>Header Files\Observer</Filter>
    </ClInclude>
  </ItemGroup>
</Project>